
Microsoft Visual Studio Solution File, Format Version 12.00
# Visual Studio Version 16
VisualStudioVersion = 16.0.29020.237
MinimumVisualStudioVersion = 10.0.40219.1
Project("{FAE04EC0-301F-11D3-BF4B-00C04F79EFBC}") = "MVCMovieCore", "MVCMovieCore\MVCMovieCore.csproj", "{9D5A6E2A-A996-451C-9993-60DB22ED3B6A}"
EndProject
Project("{FAE04EC0-301F-11D3-BF4B-00C04F79EFBC}") = "MetodosCalculadora", "MetodosCalculadora\MetodosCalculadora.csproj", "{AD291FFE-1974-4878-8FE2-AAF89C9F8DD7}"
EndProject
Project("{FAE04EC0-301F-11D3-BF4B-00C04F79EFBC}") = "UsaCalculadora", "UsaCalculadora\UsaCalculadora.csproj", "{9F5F77CE-9465-460D-AB07-35B9BAF172D6}"
EndProject
Project("{FAE04EC0-301F-11D3-BF4B-00C04F79EFBC}") = "LibraryContas", "LibraryContas\LibraryContas.csproj", "{318636B3-89A9-4E7A-86A9-061CD1BDFFE8}"
EndProject
Global
	GlobalSection(SolutionConfigurationPlatforms) = preSolution
		Debug|Any CPU = Debug|Any CPU
		Release|Any CPU = Release|Any CPU
	EndGlobalSection
	GlobalSection(ProjectConfigurationPlatforms) = postSolution
		{9D5A6E2A-A996-451C-9993-60DB22ED3B6A}.Debug|Any CPU.ActiveCfg = Debug|Any CPU
		{9D5A6E2A-A996-451C-9993-60DB22ED3B6A}.Debug|Any CPU.Build.0 = Debug|Any CPU
		{9D5A6E2A-A996-451C-9993-60DB22ED3B6A}.Release|Any CPU.ActiveCfg = Release|Any CPU
		{9D5A6E2A-A996-451C-9993-60DB22ED3B6A}.Release|Any CPU.Build.0 = Release|Any CPU
		{AD291FFE-1974-4878-8FE2-AAF89C9F8DD7}.Debug|Any CPU.ActiveCfg = Debug|Any CPU
		{AD291FFE-1974-4878-8FE2-AAF89C9F8DD7}.Debug|Any CPU.Build.0 = Debug|Any CPU
		{AD291FFE-1974-4878-8FE2-AAF89C9F8DD7}.Release|Any CPU.ActiveCfg = Release|Any CPU
		{AD291FFE-1974-4878-8FE2-AAF89C9F8DD7}.Release|Any CPU.Build.0 = Release|Any CPU
		{9F5F77CE-9465-460D-AB07-35B9BAF172D6}.Debug|Any CPU.ActiveCfg = Debug|Any CPU
		{9F5F77CE-9465-460D-AB07-35B9BAF172D6}.Debug|Any CPU.Build.0 = Debug|Any CPU
		{9F5F77CE-9465-460D-AB07-35B9BAF172D6}.Release|Any CPU.ActiveCfg = Release|Any CPU
		{9F5F77CE-9465-460D-AB07-35B9BAF172D6}.Release|Any CPU.Build.0 = Release|Any CPU
		{318636B3-89A9-4E7A-86A9-061CD1BDFFE8}.Debug|Any CPU.ActiveCfg = Debug|Any CPU
		{318636B3-89A9-4E7A-86A9-061CD1BDFFE8}.Debug|Any CPU.Build.0 = Debug|Any CPU
		{318636B3-89A9-4E7A-86A9-061CD1BDFFE8}.Release|Any CPU.ActiveCfg = Release|Any CPU
		{318636B3-89A9-4E7A-86A9-061CD1BDFFE8}.Release|Any CPU.Build.0 = Release|Any CPU
	EndGlobalSection
	GlobalSection(SolutionProperties) = preSolution
		HideSolutionNode = FALSE
	EndGlobalSection
	GlobalSection(ExtensibilityGlobals) = postSolution
		SolutionGuid = {9C363EDA-026D-412F-BBE8-09795CBD4A78}
	EndGlobalSection
EndGlobal
