
Microsoft Visual Studio Solution File, Format Version 12.00
# Visual Studio Version 16
VisualStudioVersion = 16.0.29020.237
MinimumVisualStudioVersion = 10.0.40219.1
Project("{FAE04EC0-301F-11D3-BF4B-00C04F79EFBC}") = "ConsoleApp1", "ConsoleApp1\ConsoleApp1.csproj", "{CBE59EBA-4F4D-4592-AF65-4DD476658C1B}"
EndProject
Global
	GlobalSection(SolutionConfigurationPlatforms) = preSolution
		Debug|Any CPU = Debug|Any CPU
		Release|Any CPU = Release|Any CPU
	EndGlobalSection
	GlobalSection(ProjectConfigurationPlatforms) = postSolution
		{CBE59EBA-4F4D-4592-AF65-4DD476658C1B}.Debug|Any CPU.ActiveCfg = Debug|Any CPU
		{CBE59EBA-4F4D-4592-AF65-4DD476658C1B}.Debug|Any CPU.Build.0 = Debug|Any CPU
		{CBE59EBA-4F4D-4592-AF65-4DD476658C1B}.Release|Any CPU.ActiveCfg = Release|Any CPU
		{CBE59EBA-4F4D-4592-AF65-4DD476658C1B}.Release|Any CPU.Build.0 = Release|Any CPU
	EndGlobalSection
	GlobalSection(SolutionProperties) = preSolution
		HideSolutionNode = FALSE
	EndGlobalSection
	GlobalSection(ExtensibilityGlobals) = postSolution
		SolutionGuid = {46EFF2B9-D2A9-41B4-A3D8-FA5C09620D48}
	EndGlobalSection
EndGlobal
